
Microsoft Visual Studio Solution File, Format Version 12.00
# Visual Studio Version 16
VisualStudioVersion = 16.0.28922.388
MinimumVisualStudioVersion = 10.0.40219.1
Project("{FAE04EC0-301F-11D3-BF4B-00C04F79EFBC}") = "CoursWpf", "CoursWpf\CoursWpf.csproj", "{44FFB093-81A1-4118-A90E-3875AF4F3DEB}"
EndProject
Project("{FAE04EC0-301F-11D3-BF4B-00C04F79EFBC}") = "ExoCalculatrice", "ExoCalculatrice\ExoCalculatrice.csproj", "{960CBDFD-B87E-4A23-90B0-9C24FBE00104}"
EndProject
Global
	GlobalSection(SolutionConfigurationPlatforms) = preSolution
		Debug|Any CPU = Debug|Any CPU
		Release|Any CPU = Release|Any CPU
	EndGlobalSection
	GlobalSection(ProjectConfigurationPlatforms) = postSolution
		{44FFB093-81A1-4118-A90E-3875AF4F3DEB}.Debug|Any CPU.ActiveCfg = Debug|Any CPU
		{44FFB093-81A1-4118-A90E-3875AF4F3DEB}.Debug|Any CPU.Build.0 = Debug|Any CPU
		{44FFB093-81A1-4118-A90E-3875AF4F3DEB}.Release|Any CPU.ActiveCfg = Release|Any CPU
		{44FFB093-81A1-4118-A90E-3875AF4F3DEB}.Release|Any CPU.Build.0 = Release|Any CPU
		{960CBDFD-B87E-4A23-90B0-9C24FBE00104}.Debug|Any CPU.ActiveCfg = Debug|Any CPU
		{960CBDFD-B87E-4A23-90B0-9C24FBE00104}.Debug|Any CPU.Build.0 = Debug|Any CPU
		{960CBDFD-B87E-4A23-90B0-9C24FBE00104}.Release|Any CPU.ActiveCfg = Release|Any CPU
		{960CBDFD-B87E-4A23-90B0-9C24FBE00104}.Release|Any CPU.Build.0 = Release|Any CPU
	EndGlobalSection
	GlobalSection(SolutionProperties) = preSolution
		HideSolutionNode = FALSE
	EndGlobalSection
	GlobalSection(ExtensibilityGlobals) = postSolution
		SolutionGuid = {5504D046-F174-4DB3-99FF-98B9DEAEF223}
	EndGlobalSection
EndGlobal
